
Microsoft Visual Studio Solution File, Format Version 12.00
# Visual Studio Version 16
VisualStudioVersion = 16.0.30309.148
MinimumVisualStudioVersion = 10.0.40219.1
Project("{FAE04EC0-301F-11D3-BF4B-00C04F79EFBC}") = "Calculadora", "Calculadora\Calculadora.csproj", "{0B84D3F8-43FA-4997-8240-F453926B675E}"
EndProject
Project("{54435603-DBB4-11D2-8724-00A0C9A8B90C}") = "Setup Calculadora", "Instalador\Setup Calculadora\Setup Calculadora.vdproj", "{7A04ABB3-E5A3-43A3-B6C5-4DD799319697}"
EndProject
Global
	GlobalSection(SolutionConfigurationPlatforms) = preSolution
		Debug|Any CPU = Debug|Any CPU
		Release|Any CPU = Release|Any CPU
	EndGlobalSection
	GlobalSection(ProjectConfigurationPlatforms) = postSolution
		{0B84D3F8-43FA-4997-8240-F453926B675E}.Debug|Any CPU.ActiveCfg = Debug|Any CPU
		{0B84D3F8-43FA-4997-8240-F453926B675E}.Debug|Any CPU.Build.0 = Debug|Any CPU
		{0B84D3F8-43FA-4997-8240-F453926B675E}.Release|Any CPU.ActiveCfg = Release|Any CPU
		{0B84D3F8-43FA-4997-8240-F453926B675E}.Release|Any CPU.Build.0 = Release|Any CPU
		{7A04ABB3-E5A3-43A3-B6C5-4DD799319697}.Debug|Any CPU.ActiveCfg = Debug
		{7A04ABB3-E5A3-43A3-B6C5-4DD799319697}.Release|Any CPU.ActiveCfg = Release
	EndGlobalSection
	GlobalSection(SolutionProperties) = preSolution
		HideSolutionNode = FALSE
	EndGlobalSection
	GlobalSection(ExtensibilityGlobals) = postSolution
		SolutionGuid = {D9B11A87-AC30-4E34-90B1-FB4972DC8F5B}
	EndGlobalSection
EndGlobal
